crawshaw.io/iox v0.0.0-20181124134642-c51c3df30797/go.mod h1:sXBiorCo8c46JlQV3oXPKINnZ8mcqnye1EkVkqsectk=
crawshaw.io/sqlite v0.3.2 h1:N6IzTjkiw9FItHAa0jp+ZKC6tuLzXqAYIv+ccIWos1I=
crawshaw.io/sqlite v0.3.2/go.mod h1:igAO5JulrQ1DbdZdtVq48mnZUBAPOeFzer7VhDWNtW4=
github.com/BurntSushi/toml v1.4.0 h1:kuoIxZQy2WRRk1pttg9asf+WVv6tWQuBNVmK8+nqPr0=
github.com/BurntSushi/toml v1.4.0/go.mod h1:ukJfTF/6rtPPRCnwkur4qwRxa8vTRFBF0uk2lLoLwho=
github.com/davecgh/go-spew v1.1.1 h1:vj9j/u1bqnvCEfJOwUhtlOARqs3+rkHYY13jYWTU97c=
github.com/davecgh/go-spew v1.1.1/go.mod h1:J7Y8YcW2NihsgmVo/mv3lAwl/skON4iLHjSsI+c5H38=
github.com/fsnotify/fsnotify v1.4.9 h1:hsms1Qyu0jgnwNXIxa+/V/PDsU6CfLf6CNO8H7IWoS4=
github.com/fsnotify/fsnotify v1.4.9/go.mod h1:znqG4EE+3YCdAaPaxE2ZRY/06pZUdp0tY4IgpuI1SZQ=
github.com/go-telegram-bot-api/telegram-bot-api/v5 v5.4.0 h1:Mr3JcvBjQEhCN9wld6OHKHuHxWaoXTaQfYKmj7QwP18=
github.com/go-telegram-bot-api/telegram-bot-api/v5 v5.4.0/go.mod h1:A2S0CWkNylc2phvKXWBBdD3K0iGnDBGbzRpISP2zBl8=
github.com/gorilla/mux v1.8.1 h1:TuBL49tXwgrFYWhqrNgrUNEY92u81SPhu7sTdzQEiWY=
github.com/gorilla/mux v1.8.1/go.mod h1:AKf9I4AEqPTmMytcMc0KkNouC66V3BtZ4qD5fmWSiMQ=
github.com/pmezard/go-difflib v1.0.0 h1:4DBwDE0NGyQoBHbLQYPwSUPoCMWR5BEzIk/f1lZbAQM=
github.com/pmezard/go-difflib v1.0.0/go.mod h1:iKH77koFhYxTK1pcRnkKkqfTogsbg7gZNVY4sRDYZ/4=
github.com/spf13/pflag v1.0.10 h1:4EBh2KAYBwaONj6b2Ye1GiHfwjqyROoF4RwYO+vPwFk=
github.com/spf13/pflag v1.0.10/go.mod h1:McXfInJRrz4CZXVZOBLb0bTZqETkiAhM9Iw0y3An2Bg=
github.com/stretchr/testify v1.11.1 h1:7s2iGBzp5EwR7/aIZr8ao5+dra3wiQyKjjFuvgVKu7U=
github.com/stretchr/testify v1.11.1/go.mod h1:wZwfW3scLgRK+23gO65QZefKpKQRnfz6sD981Nm4B6U=
go.uber.org/mock v0.6.0 h1:hyF9dfmbgIX5EfOdasqLsWD6xqpNZlXblLB/Dbnwv3Y=
go.uber.org/mock v0.6.0/go.mod h1:KiVJ4BqZJaMj4svdfmHM0AUx4NJYO8ZNpPnZn1Z+BBU=
golang.org/x/sys v0.0.0-20191005200804-aed5e4c7ecf9/go.mod h1:h1NjWce9XRLGQEsW7wpKNCjG9DtNlClVuFLEZdDNbEs=
golang.org/x/sys v0.0.0-20210415045647-66c3f260301c h1:6L+uOeS3OQt/f4eFHXZcTxeZrGCuz+CLElgEBjbcTA4=
golang.org/x/sys v0.0.0-20210415045647-66c3f260301c/go.mod h1:h1NjWce9XRLGQEsW7wpKNCjG9DtNlClVuFLEZdDNbEs=
golift.io/cnfg v0.2.5 h1:NwhQ+REL9BSTiHYU4MKMawCEzvtjmhE8RlNiE7XroqE=
golift.io/cnfg v0.2.5/go.mod h1:iMzXYjvZI7iZphzY75hkFR/VShYeuZznXiQtFsBOSCU=
golift.io/cnfgfile v0.0.0-20240713024420-a5436d84eb48 h1:c7cJWRr0cUnFHKtq072esKzhQHKlFA5YRY/hPzQrdko=
golift.io/cnfgfile v0.0.0-20240713024420-a5436d84eb48/go.mod h1:zHm9o8SkZ6Mm5DfGahsrEJPsogyR0qItP59s5lJ98/I=
golift.io/ffmpeg v1.1.2-0.20260303053331-25bfe8e1ce5f h1:OulzP8e28P9mOFdXzmvxTLU6bB1oJ+MFLuQMmHPUkQQ=
golift.io/ffmpeg v1.1.2-0.20260303053331-25bfe8e1ce5f/go.mod h1:8hLo0fZ2xBZyAWVAbBxPJmtiRqM/fRZtFlc3W+O7HD0=
golift.io/imessage v0.0.1 h1:jcMfM0xslu2HaCx2WmKNW4n6hkvf5xwhYRDUF+auzuY=
golift.io/imessage v0.0.1/go.mod h1:ILxEbslNFpz+IW30cHhLwxNw/SVWyW0WUp/UNb4jdg0=
golift.io/securityspy v0.1.0 h1:I5Rb4E0AhlWafuTthHGhhwxVc5J18vq9CSeHpyY97EY=
golift.io/securityspy v0.1.0/go.mod h1:gWitH+Zy5iRWhb96d3rqupZmHqfR0y2UodywKeZz19U=
golift.io/subscribe v0.0.0-20260303021808-295369d7455a h1:jtYohe22idwwyNu5YqPlHcxUebzi9fcwVYtcaAou7Lg=
golift.io/subscribe v0.0.0-20260303021808-295369d7455a/go.mod h1:zr1wJgaSVR8OvOunociwiTpuYNF0upne4dKXohWCWwM=
golift.io/version v0.0.2 h1:i0gXRuSDHKs4O0sVDUg4+vNIuOxYoXhaxspftu2FRTE=
golift.io/version v0.0.2/go.mod h1:76aHNz8/Pm7CbuxIsDi97jABL5Zui3f2uZxDm4vB6hU=
gopkg.in/check.v1 v0.0.0-20161208181325-20d25e280405 h1:yhCVgyC4o1eVCa2tZl7eS0r+SDo693bJlVdllGtEeKM=
gopkg.in/check.v1 v0.0.0-20161208181325-20d25e280405/go.mod h1:Co6ibVJAznAaIkqp8huTwlJQCZ016jof/cbN4VW5Yz0=
gopkg.in/yaml.v3 v3.0.1 h1:fxVm/GzAzEWqLHuvctI91KS9hhNmmWOoWu0XTYJS7CA=
gopkg.in/yaml.v3 v3.0.1/go.mod h1:K4uyk7z7BCEPqu6E+C64Yfv1cQ7kz7rIZviUmN+EgEM=
