# This file is autogenerated, do not edit; changes may be undone by the next 'dep ensure'.


[[projects]]
  digest = "1:305f70b04fb6c50e99390fb8b7979a8340671f22c7b3450539ae11a2702c83c9"
  name = "crawshaw.io/sqlite"
  packages = ["."]
  pruneopts = "UT"
  revision = "3eafba8f1fa218c020ecd7408262a7469c95e008"
  version = "v0.1.2"

[[projects]]
  digest = "1:9f3b30d9f8e0d7040f729b82dcbc8f0dead820a133b3147ce355fc451f32d761"
  name = "github.com/BurntSushi/toml"
  packages = ["."]
  pruneopts = "UT"
  revision = "3012a1dbe2e4bd1391d42b32f0577cb7bbc7f005"
  version = "v0.3.1"

[[projects]]
  digest = "1:ffe9824d294da03b391f44e1ae8281281b4afc1bdaa9588c9097785e3af10cec"
  name = "github.com/davecgh/go-spew"
  packages = ["spew"]
  pruneopts = "UT"
  revision = "8991bc29aa16c548c550c7ff78260e27b9ab7c73"
  version = "v1.1.1"

[[projects]]
  digest = "1:abeb38ade3f32a92943e5be54f55ed6d6e3b6602761d74b4aab4c9dd45c18abd"
  name = "github.com/fsnotify/fsnotify"
  packages = ["."]
  pruneopts = "UT"
  revision = "c2828203cd70a50dcccfb2761f8b1f8ceef9a8e9"
  version = "v1.4.7"

[[projects]]
  digest = "1:cbec35fe4d5a4fba369a656a8cd65e244ea2c743007d8f6c1ccb132acf9d1296"
  name = "github.com/gorilla/mux"
  packages = ["."]
  pruneopts = "UT"
  revision = "00bdffe0f3c77e27d2cf6f5c70232a2d3e4d9c15"
  version = "v1.7.3"

[[projects]]
  digest = "1:cf31692c14422fa27c83a05292eb5cbe0fb2775972e8f1f8446a71549bd8980b"
  name = "github.com/pkg/errors"
  packages = ["."]
  pruneopts = "UT"
  revision = "ba968bfe8b2f7e042a574c888954fccecfa385b4"
  version = "v0.8.1"

[[projects]]
  digest = "1:0028cb19b2e4c3112225cd871870f2d9cf49b9b4276531f03438a88e94be86fe"
  name = "github.com/pmezard/go-difflib"
  packages = ["difflib"]
  pruneopts = "UT"
  revision = "792786c7400a136282c1664665ae0a8db921c6c2"
  version = "v1.0.0"

[[projects]]
  digest = "1:c1b1102241e7f645bc8e0c22ae352e8f0dc6484b6cb4d132fa9f24174e0119e2"
  name = "github.com/spf13/pflag"
  packages = ["."]
  pruneopts = "UT"
  revision = "298182f68c66c05229eb03ac171abe6e309ee79a"
  version = "v1.0.3"

[[projects]]
  digest = "1:8548c309c65a85933a625be5e7d52b6ac927ca30c56869fae58123b8a77a75e1"
  name = "github.com/stretchr/testify"
  packages = ["assert"]
  pruneopts = "UT"
  revision = "221dbe5ed46703ee255b1da0dec05086f5035f62"
  version = "v1.4.0"

[[projects]]
  branch = "master"
  digest = "1:9a9d873379b3a947a4a1606caea86ce9c4aec8e5b0fae406c5785b052664eb16"
  name = "golang.org/x/sys"
  packages = ["unix"]
  pruneopts = "UT"
  revision = "7ad0cfa0b7b5a50bdf0fb49923febdf3742a975c"

[[projects]]
  digest = "1:b936b904b1cfa23889f61635efcbc2ef3ea600c864378db0b164c29ff1cd762b"
  name = "golift.io/ffmpeg"
  packages = ["."]
  pruneopts = "UT"
  revision = "82a404c8777fe9ac6fcb0d73cc4e489321a63fe4"
  version = "v1.0.0"

[[projects]]
  digest = "1:d380e6ded2a23823caeed1293586038d30ae49b0139d8add616c4ee685804cb4"
  name = "golift.io/imessage"
  packages = ["."]
  pruneopts = "UT"
  revision = "8676786ccd15a11591359dccdebdcafdcbec0e3d"
  version = "v2.0.1"

[[projects]]
  digest = "1:e92c02efc9cc883c10376efa4667513fe169d81ad4ad73329c9b6eee758435cd"
  name = "golift.io/securityspy"
  packages = ["."]
  pruneopts = "UT"
  revision = "8a6907c5b3bba1a8aa549e5f459493bc5d4f4bab"
  version = "v2.0.1"

[[projects]]
  digest = "1:57227eab565a6634e2ef46d30bd15ca864cbbfa85ec323ca6530e179985ca307"
  name = "golift.io/subscribe"
  packages = ["."]
  pruneopts = "UT"
  revision = "5fa8653d7883f4fee4728564e9aff5f4eae0691b"
  version = "0.9.0"

[[projects]]
  digest = "1:4d2e5a73dc1500038e504a8d78b986630e3626dc027bc030ba5c75da257cdb96"
  name = "gopkg.in/yaml.v2"
  packages = ["."]
  pruneopts = "UT"
  revision = "51d6538a90f86fe93ac480b35f37b2be17fef232"
  version = "v2.2.2"

[solve-meta]
  analyzer-name = "dep"
  analyzer-version = 1
  input-imports = [
    "crawshaw.io/sqlite",
    "github.com/BurntSushi/toml",
    "github.com/gorilla/mux",
    "github.com/pkg/errors",
    "github.com/spf13/pflag",
    "github.com/stretchr/testify/assert",
    "golift.io/imessage",
    "golift.io/securityspy",
    "golift.io/subscribe",
  ]
  solver-name = "gps-cdcl"
  solver-version = 1
